<?xml version="1.0" encoding="UTF-8" standalone="yes" ?>
<CodeBlocks_project_file>
	<FileVersion major="1" minor="6" />
	<Project>
		<Option title="bmpmanipuleitor" />
		<Option pch_mode="2" />
		<Option compiler="gcc" />
		<Build>
			<Target title="Debug">
				<Option output="bin/Debug/bmpmanipuleitor" prefix_auto="1" extension_auto="1" />
				<Option object_output="obj/Debug/" />
				<Option type="1" />
				<Option compiler="gcc" />
				<Option parameters="unlam.bmp dos.bmp --espejar-horizontal --espejar-vertical --aumentar-contraste=10 --reducir-contraste=10 --tonalidad-azul=10 --tonalidad-verde=10 --tonalidad-roja=10 --recortar=10 --achicar=10 --rotar-derecha --rotar-izquierda --concatenar-horizontal --concatenar-vertical --comodin --negativo " />
				<Compiler>
					<Add option="-g" />
				</Compiler>
			</Target>
			<Target title="Release">
				<Option output="bin/Release/bmpmanipuleitor" prefix_auto="1" extension_auto="1" />
				<Option object_output="obj/Release/" />
				<Option type="1" />
				<Option compiler="gcc" />
				<Compiler>
					<Add option="-O2" />
				</Compiler>
				<Linker>
					<Add option="-s" />
				</Linker>
			</Target>
		</Build>
		<Compiler>
			<Add option="-Wall" />
		</Compiler>
		<Unit filename="funciones_bonachera.c">
			<Option compilerVar="CC" />
		</Unit>
		<Unit filename="funciones_bonachera.h" />
		<Unit filename="funciones_fernandez.c">
			<Option compilerVar="CC" />
		</Unit>
		<Unit filename="funciones_fernandez.h" />
		<Unit filename="funciones_grupo.c">
			<Option compilerVar="CC" />
		</Unit>
		<Unit filename="funciones_grupo.h" />
		<Unit filename="funciones_risso.c">
			<Option compilerVar="CC" />
		</Unit>
		<Unit filename="funciones_risso.h" />
		<Unit filename="main.c">
			<Option compilerVar="CC" />
		</Unit>
		<Extensions />
	</Project>
</CodeBlocks_project_file>
